
Microsoft Visual Studio Solution File, Format Version 12.00
# Visual Studio Version 16
VisualStudioVersion = 16.0.30413.136
MinimumVisualStudioVersion = 10.0.40219.1
Project("{888888A0-9F3D-457C-B088-3A5042F75D52}") = "wrongimagefind", "wrongimagefind.pyproj", "{812FEF69-4F66-463D-A00D-082B989C20FD}"
EndProject
Global
	GlobalSection(SolutionConfigurationPlatforms) = preSolution
		Debug|Any CPU = Debug|Any CPU
		Release|Any CPU = Release|Any CPU
	EndGlobalSection
	GlobalSection(ProjectConfigurationPlatforms) = postSolution
		{812FEF69-4F66-463D-A00D-082B989C20FD}.Debug|Any CPU.ActiveCfg = Debug|Any CPU
		{812FEF69-4F66-463D-A00D-082B989C20FD}.Release|Any CPU.ActiveCfg = Release|Any CPU
	EndGlobalSection
	GlobalSection(SolutionProperties) = preSolution
		HideSolutionNode = FALSE
	EndGlobalSection
	GlobalSection(ExtensibilityGlobals) = postSolution
		SolutionGuid = {25CFD40D-DECB-48A5-8A45-69ADAE26CC84}
	EndGlobalSection
EndGlobal
